Microsoft Visual Studio Solution File, Format Version 12.00
# Visual Studio Version 17
VisualStudioVersion = 17.5.2.0
MinimumVisualStudioVersion = 10.0.40219.1
Project("{FAE04EC0-301F-11D3-BF4B-00C04F79EFBC}") = "Time_01_opdracht", "Time_01_opdracht.csproj", "{2990A971-2747-58A4-3778-7E1AAB55C74E}"
EndProject
Global
	GlobalSection(SolutionConfigurationPlatforms) = preSolution
		Debug|Any CPU = Debug|Any CPU
		Release|Any CPU = Release|Any CPU
	EndGlobalSection
	GlobalSection(ProjectConfigurationPlatforms) = postSolution
		{2990A971-2747-58A4-3778-7E1AAB55C74E}.Debug|Any CPU.ActiveCfg = Debug|Any CPU
		{2990A971-2747-58A4-3778-7E1AAB55C74E}.Debug|Any CPU.Build.0 = Debug|Any CPU
		{2990A971-2747-58A4-3778-7E1AAB55C74E}.Release|Any CPU.ActiveCfg = Release|Any CPU
		{2990A971-2747-58A4-3778-7E1AAB55C74E}.Release|Any CPU.Build.0 = Release|Any CPU
	EndGlobalSection
	GlobalSection(SolutionProperties) = preSolution
		HideSolutionNode = FALSE
	EndGlobalSection
	GlobalSection(ExtensibilityGlobals) = postSolution
		SolutionGuid = {66D353D8-05E7-46B9-8C2F-956131CFA872}
	EndGlobalSection
EndGlobal
