Microsoft Visual Studio Solution File, Format Version 12.00
# Visual Studio Version 17
VisualStudioVersion = 17.5.2.0
MinimumVisualStudioVersion = 10.0.40219.1
Project("{FAE04EC0-301F-11D3-BF4B-00C04F79EFBC}") = "ALS", "ALS.csproj", "{B78B2D0D-88F8-5267-0238-AA938BD6CC4E}"
EndProject
Global
	GlobalSection(SolutionConfigurationPlatforms) = preSolution
		Debug|Any CPU = Debug|Any CPU
		Release|Any CPU = Release|Any CPU
	EndGlobalSection
	GlobalSection(ProjectConfigurationPlatforms) = postSolution
		{B78B2D0D-88F8-5267-0238-AA938BD6CC4E}.Debug|Any CPU.ActiveCfg = Debug|Any CPU
		{B78B2D0D-88F8-5267-0238-AA938BD6CC4E}.Debug|Any CPU.Build.0 = Debug|Any CPU
		{B78B2D0D-88F8-5267-0238-AA938BD6CC4E}.Release|Any CPU.ActiveCfg = Release|Any CPU
		{B78B2D0D-88F8-5267-0238-AA938BD6CC4E}.Release|Any CPU.Build.0 = Release|Any CPU
	EndGlobalSection
	GlobalSection(SolutionProperties) = preSolution
		HideSolutionNode = FALSE
	EndGlobalSection
	GlobalSection(ExtensibilityGlobals) = postSolution
		SolutionGuid = {13B3DFFF-7C27-42C0-8848-3A856DB05E6C}
	EndGlobalSection
EndGlobal
