Microsoft Visual Studio Solution File, Format Version 12.00
# Visual Studio Version 17
VisualStudioVersion = 17.5.2.0
MinimumVisualStudioVersion = 10.0.40219.1
Project("{FAE04EC0-301F-11D3-BF4B-00C04F79EFBC}") = "IDFKWELKELES19092025", "IDFKWELKELES19092025.csproj", "{237AAF7B-B36B-30DD-AC1F-48E8BBFE461F}"
EndProject
Global
	GlobalSection(SolutionConfigurationPlatforms) = preSolution
		Debug|Any CPU = Debug|Any CPU
		Release|Any CPU = Release|Any CPU
	EndGlobalSection
	GlobalSection(ProjectConfigurationPlatforms) = postSolution
		{237AAF7B-B36B-30DD-AC1F-48E8BBFE461F}.Debug|Any CPU.ActiveCfg = Debug|Any CPU
		{237AAF7B-B36B-30DD-AC1F-48E8BBFE461F}.Debug|Any CPU.Build.0 = Debug|Any CPU
		{237AAF7B-B36B-30DD-AC1F-48E8BBFE461F}.Release|Any CPU.ActiveCfg = Release|Any CPU
		{237AAF7B-B36B-30DD-AC1F-48E8BBFE461F}.Release|Any CPU.Build.0 = Release|Any CPU
	EndGlobalSection
	GlobalSection(SolutionProperties) = preSolution
		HideSolutionNode = FALSE
	EndGlobalSection
	GlobalSection(ExtensibilityGlobals) = postSolution
		SolutionGuid = {D6FF5FA8-0186-44B7-AE4C-871AF29B39B3}
	EndGlobalSection
EndGlobal
